
Microsoft Visual Studio Solution File, Format Version 12.00
# Visual Studio 15
VisualStudioVersion = 15.0.27703.2035
MinimumVisualStudioVersion = 10.0.40219.1
Project("{FAE04EC0-301F-11D3-BF4B-00C04F79EFBC}") = "AspNetCoreDemo", "AspNetCoreDemo\AspNetCoreDemo.csproj", "{99F9ECC3-A7D3-4079-9BF1-3EB37CA6FD86}"
EndProject
Global
	GlobalSection(SolutionConfigurationPlatforms) = preSolution
		Debug|Any CPU = Debug|Any CPU
		Release|Any CPU = Release|Any CPU
	EndGlobalSection
	GlobalSection(ProjectConfigurationPlatforms) = postSolution
		{99F9ECC3-A7D3-4079-9BF1-3EB37CA6FD86}.Debug|Any CPU.ActiveCfg = Debug|Any CPU
		{99F9ECC3-A7D3-4079-9BF1-3EB37CA6FD86}.Debug|Any CPU.Build.0 = Debug|Any CPU
		{99F9ECC3-A7D3-4079-9BF1-3EB37CA6FD86}.Release|Any CPU.ActiveCfg = Release|Any CPU
		{99F9ECC3-A7D3-4079-9BF1-3EB37CA6FD86}.Release|Any CPU.Build.0 = Release|Any CPU
	EndGlobalSection
	GlobalSection(SolutionProperties) = preSolution
		HideSolutionNode = FALSE
	EndGlobalSection
	GlobalSection(ExtensibilityGlobals) = postSolution
		SolutionGuid = {F9F6B354-5241-4A08-AEA3-8D761ABEA69F}
	EndGlobalSection
EndGlobal
